
Microsoft Visual Studio Solution File, Format Version 12.00
# Visual Studio Version 17
VisualStudioVersion = 17.9.34728.123
MinimumVisualStudioVersion = 10.0.40219.1
Project("{FAE04EC0-301F-11D3-BF4B-00C04F79EFBC}") = "Project1", "Project1\Project1.csproj", "{F6DFA1C3-3001-4E82-86C3-B3C0058348D2}"
EndProject
Global
	GlobalSection(SolutionConfigurationPlatforms) = preSolution
		Debug|Any CPU = Debug|Any CPU
		Release|Any CPU = Release|Any CPU
	EndGlobalSection
	GlobalSection(ProjectConfigurationPlatforms) = postSolution
		{F6DFA1C3-3001-4E82-86C3-B3C0058348D2}.Debug|Any CPU.ActiveCfg = Debug|Any CPU
		{F6DFA1C3-3001-4E82-86C3-B3C0058348D2}.Debug|Any CPU.Build.0 = Debug|Any CPU
		{F6DFA1C3-3001-4E82-86C3-B3C0058348D2}.Release|Any CPU.ActiveCfg = Release|Any CPU
		{F6DFA1C3-3001-4E82-86C3-B3C0058348D2}.Release|Any CPU.Build.0 = Release|Any CPU
	EndGlobalSection
	GlobalSection(SolutionProperties) = preSolution
		HideSolutionNode = FALSE
	EndGlobalSection
	GlobalSection(ExtensibilityGlobals) = postSolution
		SolutionGuid = {AA6D69A4-AA49-4EBD-B895-6728A3B33664}
	EndGlobalSection
EndGlobal
